
Microsoft Visual Studio Solution File, Format Version 12.00
# Visual Studio 14
VisualStudioVersion = 14.0.22823.1
MinimumVisualStudioVersion = 10.0.40219.1
Project("{2150E333-8FDC-42A3-9474-1A3956D46DE8}") = "src", "src", "{233F284C-FC1C-4E2C-A704-6704221B297A}"
EndProject
Project("{2150E333-8FDC-42A3-9474-1A3956D46DE8}") = "Solution Items", "Solution Items", "{FAD1E58C-D068-42F8-B7F3-B603B9732AE2}"
	ProjectSection(SolutionItems) = preProject
		global.json = global.json
	EndProjectSection
EndProject
Project("{8BB2217D-0F2D-49D1-97BC-3654ED321F3B}") = "Sistemas.WebApi", "src\Sistemas.WebApi\Sistemas.WebApi.xproj", "{CE88FDA6-C127-4B0B-B0F5-E1B55E859627}"
EndProject
Project("{8BB2217D-0F2D-49D1-97BC-3654ED321F3B}") = "Sistemas.WebModel", "src\Sistemas.WebModel\Sistemas.WebModel.xproj", "{9AF2E1B5-CDE7-4652-8878-795B8CCACBD2}"
EndProject
Global
	GlobalSection(SolutionConfigurationPlatforms) = preSolution
		Debug|Any CPU = Debug|Any CPU
		Release|Any CPU = Release|Any CPU
	EndGlobalSection
	GlobalSection(ProjectConfigurationPlatforms) = postSolution
		{CE88FDA6-C127-4B0B-B0F5-E1B55E859627}.Debug|Any CPU.ActiveCfg = Debug|Any CPU
		{CE88FDA6-C127-4B0B-B0F5-E1B55E859627}.Debug|Any CPU.Build.0 = Debug|Any CPU
		{CE88FDA6-C127-4B0B-B0F5-E1B55E859627}.Release|Any CPU.ActiveCfg = Release|Any CPU
		{CE88FDA6-C127-4B0B-B0F5-E1B55E859627}.Release|Any CPU.Build.0 = Release|Any CPU
		{9AF2E1B5-CDE7-4652-8878-795B8CCACBD2}.Debug|Any CPU.ActiveCfg = Debug|Any CPU
		{9AF2E1B5-CDE7-4652-8878-795B8CCACBD2}.Debug|Any CPU.Build.0 = Debug|Any CPU
		{9AF2E1B5-CDE7-4652-8878-795B8CCACBD2}.Release|Any CPU.ActiveCfg = Release|Any CPU
		{9AF2E1B5-CDE7-4652-8878-795B8CCACBD2}.Release|Any CPU.Build.0 = Release|Any CPU
	EndGlobalSection
	GlobalSection(SolutionProperties) = preSolution
		HideSolutionNode = FALSE
	EndGlobalSection
	GlobalSection(NestedProjects) = preSolution
		{CE88FDA6-C127-4B0B-B0F5-E1B55E859627} = {233F284C-FC1C-4E2C-A704-6704221B297A}
		{9AF2E1B5-CDE7-4652-8878-795B8CCACBD2} = {233F284C-FC1C-4E2C-A704-6704221B297A}
	EndGlobalSection
EndGlobal
